
Microsoft Visual Studio Solution File, Format Version 12.00
# Visual Studio 15
Project("{FAE04EC0-301F-11D3-BF4B-00C04F79EFBC}") = "Mergable", "Mergable\Mergable.csproj", "{BF89B49A-24A9-41DC-B2C0-48F8EF46F91F}"
EndProject
Project("{FAE04EC0-301F-11D3-BF4B-00C04F79EFBC}") = "JsonMergePatch", "JsonMergePatch\JsonMergePatch.csproj", "{3A564C76-FB0B-495B-B5E5-4CBE1CCE58A0}"
EndProject
Project("{FAE04EC0-301F-11D3-BF4B-00C04F79EFBC}") = "JsonMergePatch.UnitTests", "JsonMergePatch.UnitTests\JsonMergePatch.UnitTests.csproj", "{11D6BF1A-92B0-4448-BE7F-751F0C9A84F5}"
EndProject
Project("{FAE04EC0-301F-11D3-BF4B-00C04F79EFBC}") = "JsonMergePatch.Core", "JsonMergePatch.Core\JsonMergePatch.Core.csproj", "{73CDCAC8-9EF0-45C1-9EFF-4257FA5360AE}"
EndProject
Project("{FAE04EC0-301F-11D3-BF4B-00C04F79EFBC}") = "JsonMergePatch.SystemText", "JsonMergePatch.SystemText\JsonMergePatch.SystemText.csproj", "{E9B41969-6DFE-45FE-8672-AAC29A526C93}"
EndProject
Global
	GlobalSection(SolutionConfigurationPlatforms) = preSolution
		Debug|Any CPU = Debug|Any CPU
		Release|Any CPU = Release|Any CPU
	EndGlobalSection
	GlobalSection(ProjectConfigurationPlatforms) = postSolution
		{BF89B49A-24A9-41DC-B2C0-48F8EF46F91F}.Debug|Any CPU.ActiveCfg = Debug|Any CPU
		{BF89B49A-24A9-41DC-B2C0-48F8EF46F91F}.Debug|Any CPU.Build.0 = Debug|Any CPU
		{BF89B49A-24A9-41DC-B2C0-48F8EF46F91F}.Release|Any CPU.ActiveCfg = Release|Any CPU
		{BF89B49A-24A9-41DC-B2C0-48F8EF46F91F}.Release|Any CPU.Build.0 = Release|Any CPU
		{3A564C76-FB0B-495B-B5E5-4CBE1CCE58A0}.Debug|Any CPU.ActiveCfg = Debug|Any CPU
		{3A564C76-FB0B-495B-B5E5-4CBE1CCE58A0}.Debug|Any CPU.Build.0 = Debug|Any CPU
		{3A564C76-FB0B-495B-B5E5-4CBE1CCE58A0}.Release|Any CPU.ActiveCfg = Release|Any CPU
		{3A564C76-FB0B-495B-B5E5-4CBE1CCE58A0}.Release|Any CPU.Build.0 = Release|Any CPU
		{11D6BF1A-92B0-4448-BE7F-751F0C9A84F5}.Debug|Any CPU.ActiveCfg = Debug|Any CPU
		{11D6BF1A-92B0-4448-BE7F-751F0C9A84F5}.Debug|Any CPU.Build.0 = Debug|Any CPU
		{11D6BF1A-92B0-4448-BE7F-751F0C9A84F5}.Release|Any CPU.ActiveCfg = Release|Any CPU
		{11D6BF1A-92B0-4448-BE7F-751F0C9A84F5}.Release|Any CPU.Build.0 = Release|Any CPU
		{73CDCAC8-9EF0-45C1-9EFF-4257FA5360AE}.Debug|Any CPU.ActiveCfg = Debug|Any CPU
		{73CDCAC8-9EF0-45C1-9EFF-4257FA5360AE}.Debug|Any CPU.Build.0 = Debug|Any CPU
		{73CDCAC8-9EF0-45C1-9EFF-4257FA5360AE}.Release|Any CPU.ActiveCfg = Release|Any CPU
		{73CDCAC8-9EF0-45C1-9EFF-4257FA5360AE}.Release|Any CPU.Build.0 = Release|Any CPU
		{E9B41969-6DFE-45FE-8672-AAC29A526C93}.Debug|Any CPU.ActiveCfg = Debug|Any CPU
		{E9B41969-6DFE-45FE-8672-AAC29A526C93}.Debug|Any CPU.Build.0 = Debug|Any CPU
		{E9B41969-6DFE-45FE-8672-AAC29A526C93}.Release|Any CPU.ActiveCfg = Release|Any CPU
		{E9B41969-6DFE-45FE-8672-AAC29A526C93}.Release|Any CPU.Build.0 = Release|Any CPU
	EndGlobalSection
EndGlobal
